PODS:
  - barcode_scan (0.0.1):
    - Flutter
    - MTBBarcodeScanner
  - device_info (0.0.1):
    - Flutter
  - Firebase/Core (5.19.0):
    - Firebase/CoreOnly
    - FirebaseAnalytics (= 5.8.0)
  - Firebase/CoreOnly (5.19.0):
    - FirebaseCore (= 5.4.0)
  - Firebase/Messaging (5.19.0):
    - Firebase/CoreOnly
    - FirebaseMessaging (= 3.4.0)
  - firebase_messaging (0.0.1):
    - Firebase/Core
    - Firebase/Messaging
    - Flutter
  - FirebaseAnalytics (5.8.0):
    - FirebaseCore (~> 5.4)
    - FirebaseInstanceID (~> 3.8)
    - GoogleAppMeasurement (= 5.8.0)
    - GoogleUtilities/AppDelegateSwizzler (~> 5.2)
    - GoogleUtilities/MethodSwizzler (~> 5.2)
    - GoogleUtilities/Network (~> 5.2)
    - "GoogleUtilities/NSData+zlib (~> 5.2)"
    - nanopb (~> 0.3)
  - FirebaseAnalyticsInterop (1.2.0)
  - FirebaseCore (5.4.0):
    - GoogleUtilities/Environment (~> 5.2)
    - GoogleUtilities/Logger (~> 5.2)
  - FirebaseInstanceID (3.8.0):
    - FirebaseCore (~> 5.2)
    - GoogleUtilities/Environment (~> 5.2)
    - GoogleUtilities/UserDefaults (~> 5.2)
  - FirebaseMessaging (3.4.0):
    - FirebaseAnalyticsInterop (~> 1.1)
    - FirebaseCore (~> 5.2)
    - FirebaseInstanceID (~> 3.6)
    - GoogleUtilities/Environment (~> 5.3)
    - GoogleUtilities/Reachability (~> 5.3)
    - GoogleUtilities/UserDefaults (~> 5.3)
    - Protobuf (~> 3.1)
  - Flutter (1.0.0)
  - FMDB (2.7.5):
    - FMDB/standard (= 2.7.5)
  - FMDB/standard (2.7.5)
  - GoogleAppMeasurement (5.8.0):
    - GoogleUtilities/AppDelegateSwizzler (~> 5.2)
    - GoogleUtilities/MethodSwizzler (~> 5.2)
    - GoogleUtilities/Network (~> 5.2)
    - "GoogleUtilities/NSData+zlib (~> 5.2)"
    - nanopb (~> 0.3)
  - GoogleUtilities/AppDelegateSwizzler (5.5.0):
    - GoogleUtilities/Environment
    - GoogleUtilities/Logger
    - GoogleUtilities/Network
  - GoogleUtilities/Environment (5.5.0)
  - GoogleUtilities/Logger (5.5.0):
    - GoogleUtilities/Environment
  - GoogleUtilities/MethodSwizzler (5.5.0):
    - GoogleUtilities/Logger
  - GoogleUtilities/Network (5.5.0):
    - GoogleUtilities/Logger
    - "GoogleUtilities/NSData+zlib"
    - GoogleUtilities/Reachability
  - "GoogleUtilities/NSData+zlib (5.5.0)"
  - GoogleUtilities/Reachability (5.5.0):
    - GoogleUtilities/Logger
  - GoogleUtilities/UserDefaults (5.5.0):
    - GoogleUtilities/Logger
  - location (0.0.1):
    - Flutter
  - MTBBarcodeScanner (5.0.8)
  - nanopb (0.3.901):
    - nanopb/decode (= 0.3.901)
    - nanopb/encode (= 0.3.901)
  - nanopb/decode (0.3.901)
  - nanopb/encode (0.3.901)
  - package_info (0.0.1):
    - Flutter
  - path_provider (0.0.1):
    - Flutter
  - Protobuf (3.7.0)
  - shared_preferences (0.0.1):
    - Flutter
  - sqflite (0.0.1):
    - Flutter
    - FMDB (~> 2.7.2)
  - url_launcher (0.0.1):
    - Flutter
  - yandex_mapkit (0.0.1):
    - Flutter
    - YandexMapKit (= 3.2.0)
    - YandexRuntime (= 3.2.0)
  - YandexMapKit (3.2.0):
    - YandexRuntime (~> 3.2)
  - YandexRuntime (3.2.0)

DEPENDENCIES:
  - barcode_scan (from `Pods/.symlinks/plugins/barcode_scan/ios`)
  - device_info (from `Pods/.symlinks/plugins/device_info/ios`)
  - firebase_messaging (from `Pods/.symlinks/plugins/firebase_messaging/ios`)
  - Flutter (from `Pods/.symlinks/flutter/ios`)
  - location (from `Pods/.symlinks/plugins/location/ios`)
  - package_info (from `Pods/.symlinks/plugins/package_info/ios`)
  - path_provider (from `Pods/.symlinks/plugins/path_provider/ios`)
  - shared_preferences (from `Pods/.symlinks/plugins/shared_preferences/ios`)
  - sqflite (from `Pods/.symlinks/plugins/sqflite/ios`)
  - url_launcher (from `Pods/.symlinks/plugins/url_launcher/ios`)
  - yandex_mapkit (from `Pods/.symlinks/plugins/yandex_mapkit/ios`)

SPEC REPOS:
  https://github.com/cocoapods/specs.git:
    - Firebase
    - FirebaseAnalytics
    - FirebaseAnalyticsInterop
    - FirebaseCore
    - FirebaseInstanceID
    - FirebaseMessaging
    - FMDB
    - GoogleAppMeasurement
    - GoogleUtilities
    - MTBBarcodeScanner
    - nanopb
    - Protobuf
    - YandexMapKit
    - YandexRuntime

EXTERNAL SOURCES:
  barcode_scan:
    :path: Pods/.symlinks/plugins/barcode_scan/ios
  device_info:
    :path: Pods/.symlinks/plugins/device_info/ios
  firebase_messaging:
    :path: Pods/.symlinks/plugins/firebase_messaging/ios
  Flutter:
    :path: Pods/.symlinks/flutter/ios
  location:
    :path: Pods/.symlinks/plugins/location/ios
  package_info:
    :path: Pods/.symlinks/plugins/package_info/ios
  path_provider:
    :path: Pods/.symlinks/plugins/path_provider/ios
  shared_preferences:
    :path: Pods/.symlinks/plugins/shared_preferences/ios
  sqflite:
    :path: Pods/.symlinks/plugins/sqflite/ios
  url_launcher:
    :path: Pods/.symlinks/plugins/url_launcher/ios
  yandex_mapkit:
    :path: Pods/.symlinks/plugins/yandex_mapkit/ios

SPEC CHECKSUMS:
  barcode_scan: 33f586d02270046fc6559135038b34b5754eaa4f
  device_info: 3ebad48f726348f69abd802f3334a8d1ed795fbd
  Firebase: c60d49e9c2630875a96207d15e2affb8364996d1
  firebase_messaging: b25b2fa94e685146bcf9d706ed87b4e95cd2a17d
  FirebaseAnalytics: fd72a26bf8dac84cefba2f0864366f718555a5b0
  FirebaseAnalyticsInterop: efbe45c8385ec626e29f9525e5ebd38520dfb6c1
  FirebaseCore: 22a79a961c3951ef2f77b67bfbc99e454247b319
  FirebaseInstanceID: cf488df2f4b79782f0e430b04a0e17c0aa7979b2
  FirebaseMessaging: 2d53d08d752fbe63ce0820428d70be5ab87c11fb
  Flutter: 0e3d915762c693b495b44d77113d4970485de6ec
  FMDB: 2ce00b547f966261cd18927a3ddb07cb6f3db82a
  GoogleAppMeasurement: 1624046ab1bcc5e170061a56ef5679000b079c8e
  GoogleUtilities: 6481e6318c5fcabaaa8513ef8120f329055d7c10
  location: 3a2eed4dd2fab25e7b7baf2a9efefe82b512d740
  MTBBarcodeScanner: 5b97f10a037e2560ff104da413343c5ce9413911
  nanopb: 2901f78ea1b7b4015c860c2fdd1ea2fee1a18d48
  package_info: 78cabb3c322943c55d39676f4a5bfc748c01d055
  path_provider: f96fff6166a8867510d2c25fdcc346327cc4b259
  Protobuf: 7a877b7f3e5964e3fce995e2eb323dbc6831bb5a
  shared_preferences: 1feebfa37bb57264736e16865e7ffae7fc99b523
  sqflite: ff1d9da63c06588cc8d1faf7256d741f16989d5a
  url_launcher: 0067ddb8f10d36786672aa0722a21717dba3a298
  yandex_mapkit: c2f430133aa6508c3470840781e858ac99a6d42e
  YandexMapKit: 9bf046c69997348f07a37e587880bf18f147b8d3
  YandexRuntime: 1b2bf8365e5fec2fc91e9fda449fa7fae54b3d79

PODFILE CHECKSUM: c79869c28d067312888823ebc94c21cc7bbc2551

COCOAPODS: 1.6.1
